
Microsoft Visual Studio Solution File, Format Version 12.00
# Visual Studio Version 16
VisualStudioVersion = 16.0.31410.357
MinimumVisualStudioVersion = 10.0.40219.1
Project("{FAE04EC0-301F-11D3-BF4B-00C04F79EFBC}") = "queueCircular", "queueCircular\queueCircular.csproj", "{14744C4F-EB77-40F4-8FF5-53844503AC8B}"
EndProject
Global
	GlobalSection(SolutionConfigurationPlatforms) = preSolution
		Debug|Any CPU = Debug|Any CPU
		Release|Any CPU = Release|Any CPU
	EndGlobalSection
	GlobalSection(ProjectConfigurationPlatforms) = postSolution
		{14744C4F-EB77-40F4-8FF5-53844503AC8B}.Debug|Any CPU.ActiveCfg = Debug|Any CPU
		{14744C4F-EB77-40F4-8FF5-53844503AC8B}.Debug|Any CPU.Build.0 = Debug|Any CPU
		{14744C4F-EB77-40F4-8FF5-53844503AC8B}.Release|Any CPU.ActiveCfg = Release|Any CPU
		{14744C4F-EB77-40F4-8FF5-53844503AC8B}.Release|Any CPU.Build.0 = Release|Any CPU
	EndGlobalSection
	GlobalSection(SolutionProperties) = preSolution
		HideSolutionNode = FALSE
	EndGlobalSection
	GlobalSection(ExtensibilityGlobals) = postSolution
		SolutionGuid = {04D59EE2-9884-4671-ACB6-9D2ACE4C5E55}
	EndGlobalSection
EndGlobal
